
Microsoft Visual Studio Solution File, Format Version 12.00
# Visual Studio 15
VisualStudioVersion = 15.0.28307.168
MinimumVisualStudioVersion = 10.0.40219.1
Project("{FAE04EC0-301F-11D3-BF4B-00C04F79EFBC}") = "UdemyPrimeiro", "UdemyPrimeiro\UdemyPrimeiro.csproj", "{42643600-C2F1-4514-B4C4-1591304B1E97}"
EndProject
Global
	GlobalSection(SolutionConfigurationPlatforms) = preSolution
		Debug|Any CPU = Debug|Any CPU
		Release|Any CPU = Release|Any CPU
	EndGlobalSection
	GlobalSection(ProjectConfigurationPlatforms) = postSolution
		{42643600-C2F1-4514-B4C4-1591304B1E97}.Debug|Any CPU.ActiveCfg = Debug|Any CPU
		{42643600-C2F1-4514-B4C4-1591304B1E97}.Debug|Any CPU.Build.0 = Debug|Any CPU
		{42643600-C2F1-4514-B4C4-1591304B1E97}.Release|Any CPU.ActiveCfg = Release|Any CPU
		{42643600-C2F1-4514-B4C4-1591304B1E97}.Release|Any CPU.Build.0 = Release|Any CPU
	EndGlobalSection
	GlobalSection(SolutionProperties) = preSolution
		HideSolutionNode = FALSE
	EndGlobalSection
	GlobalSection(ExtensibilityGlobals) = postSolution
		SolutionGuid = {5BAA86F9-3411-42EB-BF00-9EDBA84FDC2E}
	EndGlobalSection
EndGlobal
